
Microsoft Visual Studio Solution File, Format Version 12.00
# Visual Studio Version 17
VisualStudioVersion = 17.0.31903.59
MinimumVisualStudioVersion = 10.0.40219.1
Project("{9A19103F-16F7-4668-BE54-9A1E7A4F7556}") = "CleanArchitectureFullApplication.Main", "CleanArchitectureFullApplicationEntitites\CleanArchitectureFullApplication.Main.csproj", "{05C4975E-F904-4E4F-8B45-79A9564C71E2}"
EndProject
Project("{2150E333-8FDC-42A3-9474-1A3956D46DE8}") = "Enterprice Business Rules", "Enterprice Business Rules", "{DCC71E20-4EC0-480D-87FA-E12CE1D8110E}"
	ProjectSection(SolutionItems) = preProject
		Caso de uso CreateOrder.txt = Caso de uso CreateOrder.txt
		Caso de uso Obtener Listado de ordenes.txt = Caso de uso Obtener Listado de ordenes.txt
	EndProjectSection
EndProject
Project("{2150E333-8FDC-42A3-9474-1A3956D46DE8}") = "Application Business Rules", "Application Business Rules", "{BCE90571-A699-499C-94F2-4CBB12F38E5A}"
EndProject
Project("{9A19103F-16F7-4668-BE54-9A1E7A4F7556}") = "CleanArchitectureFullApplication.Sales.Entities", "CleanArchitectureFullApplication.Sales.Entities\CleanArchitectureFullApplication.Sales.Entities.csproj", "{44ECD54D-1630-4E3A-B2DF-07AFD5262D09}"
EndProject
Project("{9A19103F-16F7-4668-BE54-9A1E7A4F7556}") = "CleanArchitectureFullApplication.Dto", "CleanArchitectureFullApplication.Dto\CleanArchitectureFullApplication.Dto.csproj", "{9496A589-DD63-49F4-A881-45B77B0689FE}"
EndProject
Project("{9A19103F-16F7-4668-BE54-9A1E7A4F7556}") = "CleanArchitectureFullApplication.Sales.UseCases.Ports", "CleanArchitectureFullApplication.Sales.UseCases.Ports\CleanArchitectureFullApplication.Sales.UseCases.Ports.csproj", "{60C9F0A7-8491-46C6-92C3-095ED05BD024}"
EndProject
Project("{9A19103F-16F7-4668-BE54-9A1E7A4F7556}") = "CleanArchitectureFullApplication.Sales.Events", "CleanArchitectureFullApplication.Sales.Events\CleanArchitectureFullApplication.Sales.Events.csproj", "{DB420C99-005F-4E85-84CE-040613707DB9}"
EndProject
Project("{9A19103F-16F7-4668-BE54-9A1E7A4F7556}") = "CleanArchitectureFullApplication.Sales.UseCases", "CleanArchitectureFullApplication.Sales.UseCases\CleanArchitectureFullApplication.Sales.UseCases.csproj", "{494D3E7D-4589-4547-9017-4D44B1A57720}"
EndProject
Project("{2150E333-8FDC-42A3-9474-1A3956D46DE8}") = "Interface Adapters", "Interface Adapters", "{6E4C929E-E0A3-4F96-9BA2-AAFFCBD572CA}"
EndProject
Project("{2150E333-8FDC-42A3-9474-1A3956D46DE8}") = "Gateways", "Gateways", "{D7530BF1-1958-4F35-9825-9DE6DE78E2D9}"
EndProject
Project("{2150E333-8FDC-42A3-9474-1A3956D46DE8}") = "Repositories", "Repositories", "{F8C972D0-918F-46F4-9666-C56E6E4AE1FB}"
EndProject
Project("{9A19103F-16F7-4668-BE54-9A1E7A4F7556}") = "CleanArchitectureFullApplication.EFCore.DataContext", "CleanArchitectureFullApplication.EFCore.DataContext\CleanArchitectureFullApplication.EFCore.DataContext.csproj", "{9AA47266-2738-4B06-8932-D2CEBA347F0B}"
EndProject
Project("{9A19103F-16F7-4668-BE54-9A1E7A4F7556}") = "CleanArchitectureFullApplication.EfCore.Repositories", "CleanArchitectureFullApplication.EfCore.Repositories\CleanArchitectureFullApplication.EfCore.Repositories.csproj", "{11C65AE5-93DF-41BB-8CD6-6514C728861E}"
EndProject
Project("{9A19103F-16F7-4668-BE54-9A1E7A4F7556}") = "CleanArchitectureFullApplication.Repositories.IoC", "CleanArchitectureFullApplication.Repositories.IoC\CleanArchitectureFullApplication.Repositories.IoC.csproj", "{530F8309-67B2-4AA5-80C1-13A8BEA6B7C0}"
EndProject
Project("{9A19103F-16F7-4668-BE54-9A1E7A4F7556}") = "CleanArchitectureFullApplication.Mail", "CleanArchitectureFullApplication.Mail\CleanArchitectureFullApplication.Mail.csproj", "{FF7CF11B-F07B-4482-A54E-3B293379ECF7}"
EndProject
Project("{9A19103F-16F7-4668-BE54-9A1E7A4F7556}") = "CleanArchitectureFullApplication.Loggers", "CleanArchitectureFullApplication.Loggers\CleanArchitectureFullApplication.Loggers.csproj", "{5F9D8F72-6F1F-4D88-97A3-F5AF02139F9E}"
EndProject
Project("{2150E333-8FDC-42A3-9474-1A3956D46DE8}") = "Presenters", "Presenters", "{EF633DAB-B090-47DE-8F8B-2B40AF83C032}"
EndProject
Project("{9A19103F-16F7-4668-BE54-9A1E7A4F7556}") = "CleanArchitectureFullApplication.WebExceptionPresenters", "CleanArchitectureFullApplication.WebExceptionPresenters\CleanArchitectureFullApplication.WebExceptionPresenters.csproj", "{69FA9B4A-2D11-461A-9A22-60C0BA2CE886}"
EndProject
Project("{2150E333-8FDC-42A3-9474-1A3956D46DE8}") = "ViewModels", "ViewModels", "{EF153F75-2898-4225-ACE0-8F5EE57CFDF1}"
EndProject
Project("{9A19103F-16F7-4668-BE54-9A1E7A4F7556}") = "CleanArchitectureFullApplication.ViewModels", "CleanArchitectureFullApplication.ViewModels\CleanArchitectureFullApplication.ViewModels.csproj", "{8A9E77C3-F6C7-4ED0-9D73-D445EC91F271}"
EndProject
Project("{9A19103F-16F7-4668-BE54-9A1E7A4F7556}") = "CleanArchitectureFullApplication.Presenters", "CleanArchitectureFullApplication.Presenters\CleanArchitectureFullApplication.Presenters.csproj", "{A7DB91B1-D676-40AB-8CF5-647496AADFC2}"
EndProject
Project("{2150E333-8FDC-42A3-9474-1A3956D46DE8}") = "Views", "Views", "{7D270EF1-EBF1-4831-B468-074D1E7AE059}"
EndProject
Project("{9A19103F-16F7-4668-BE54-9A1E7A4F7556}") = "CleanArchitectureFullApplication.ConsoleView", "CleanArchitectureFullApplication.ConsoleView\CleanArchitectureFullApplication.ConsoleView.csproj", "{7591DA14-2EF4-4494-B119-0DF80B630AA6}"
EndProject
Project("{2150E333-8FDC-42A3-9474-1A3956D46DE8}") = "Controllers", "Controllers", "{C82AEA09-94CE-42E3-A015-954D57C69277}"
EndProject
Project("{9A19103F-16F7-4668-BE54-9A1E7A4F7556}") = "CleanArchitectureFullApplication.Controllers", "CleanArchitectureFullApplication.Controllers\CleanArchitectureFullApplication.Controllers.csproj", "{EDF5139F-7CAE-476D-B140-0D079D4A1218}"
EndProject
Project("{9A19103F-16F7-4668-BE54-9A1E7A4F7556}") = "CleanArchitectureFullApplication.WepApiControllers", "CleanArchitectureFullApplication.WepApiControllers\CleanArchitectureFullApplication.WepApiControllers.csproj", "{3FBC5A55-57AC-4EEE-BE7C-9200DB8CF607}"
EndProject
Project("{9A19103F-16F7-4668-BE54-9A1E7A4F7556}") = "CleanArchitectureFullApplication.ConsoleControllers", "CleanArchitectureFullApplication.ConsoleControllers\CleanArchitectureFullApplication.ConsoleControllers.csproj", "{89C39753-42BA-4543-8644-C29F93407569}"
EndProject
Project("{2150E333-8FDC-42A3-9474-1A3956D46DE8}") = "Frameworks and Drivers", "Frameworks and Drivers", "{32432DB2-EDF2-4A6E-97C3-11C5FFC23F9A}"
EndProject
Project("{2150E333-8FDC-42A3-9474-1A3956D46DE8}") = "UI", "UI", "{3D832A25-17DD-4C4D-9A02-6FD54EF60AAA}"
EndProject
Project("{9A19103F-16F7-4668-BE54-9A1E7A4F7556}") = "CleanArchitectureFullApplication.WebApi", "CleanArchitectureFullApplication.WebApi\CleanArchitectureFullApplication.WebApi.csproj", "{1142701E-3E3F-4112-BCBC-4FE62A4DC1BD}"
EndProject
Project("{9A19103F-16F7-4668-BE54-9A1E7A4F7556}") = "CleanArchitectureFullApplication.ConsoleClient", "CleanArchitectureFullApplication.ConsoleClient\CleanArchitectureFullApplication.ConsoleClient.csproj", "{09FBAD69-7E02-4551-90E0-B21E05405162}"
EndProject
Project("{9A19103F-16F7-4668-BE54-9A1E7A4F7556}") = "CleanArchitectureFullApplication.BlazorClient", "CleanArchitectureFullApplication.BlazorClient\CleanArchitectureFullApplication.BlazorClient.csproj", "{635DB167-F787-4B69-87E1-AA67D5051693}"
EndProject
Project("{FAE04EC0-301F-11D3-BF4B-00C04F79EFBC}") = "CleanArchitectureFullApplication.Dapper.Repository", "CleanArchitectureFullApplication.Dapper.Repository\CleanArchitectureFullApplication.Dapper.Repository.csproj", "{061D9B71-CF06-4FDB-BB4D-F0325DCFC878}"
EndProject
Project("{FAE04EC0-301F-11D3-BF4B-00C04F79EFBC}") = "LinqExpresionSQL", "LinqExpresionSQL\LinqExpresionSQL.csproj", "{9608158D-1CBF-4448-A94B-01DEBED13099}"
EndProject
Global
	GlobalSection(SolutionConfigurationPlatforms) = preSolution
		Debug|Any CPU = Debug|Any CPU
		Release|Any CPU = Release|Any CPU
	EndGlobalSection
	GlobalSection(ProjectConfigurationPlatforms) = postSolution
		{05C4975E-F904-4E4F-8B45-79A9564C71E2}.Debug|Any CPU.ActiveCfg = Debug|Any CPU
		{05C4975E-F904-4E4F-8B45-79A9564C71E2}.Debug|Any CPU.Build.0 = Debug|Any CPU
		{05C4975E-F904-4E4F-8B45-79A9564C71E2}.Release|Any CPU.ActiveCfg = Release|Any CPU
		{05C4975E-F904-4E4F-8B45-79A9564C71E2}.Release|Any CPU.Build.0 = Release|Any CPU
		{44ECD54D-1630-4E3A-B2DF-07AFD5262D09}.Debug|Any CPU.ActiveCfg = Debug|Any CPU
		{44ECD54D-1630-4E3A-B2DF-07AFD5262D09}.Debug|Any CPU.Build.0 = Debug|Any CPU
		{44ECD54D-1630-4E3A-B2DF-07AFD5262D09}.Release|Any CPU.ActiveCfg = Release|Any CPU
		{44ECD54D-1630-4E3A-B2DF-07AFD5262D09}.Release|Any CPU.Build.0 = Release|Any CPU
		{9496A589-DD63-49F4-A881-45B77B0689FE}.Debug|Any CPU.ActiveCfg = Debug|Any CPU
		{9496A589-DD63-49F4-A881-45B77B0689FE}.Debug|Any CPU.Build.0 = Debug|Any CPU
		{9496A589-DD63-49F4-A881-45B77B0689FE}.Release|Any CPU.ActiveCfg = Release|Any CPU
		{9496A589-DD63-49F4-A881-45B77B0689FE}.Release|Any CPU.Build.0 = Release|Any CPU
		{60C9F0A7-8491-46C6-92C3-095ED05BD024}.Debug|Any CPU.ActiveCfg = Debug|Any CPU
		{60C9F0A7-8491-46C6-92C3-095ED05BD024}.Debug|Any CPU.Build.0 = Debug|Any CPU
		{60C9F0A7-8491-46C6-92C3-095ED05BD024}.Release|Any CPU.ActiveCfg = Release|Any CPU
		{60C9F0A7-8491-46C6-92C3-095ED05BD024}.Release|Any CPU.Build.0 = Release|Any CPU
		{DB420C99-005F-4E85-84CE-040613707DB9}.Debug|Any CPU.ActiveCfg = Debug|Any CPU
		{DB420C99-005F-4E85-84CE-040613707DB9}.Debug|Any CPU.Build.0 = Debug|Any CPU
		{DB420C99-005F-4E85-84CE-040613707DB9}.Release|Any CPU.ActiveCfg = Release|Any CPU
		{DB420C99-005F-4E85-84CE-040613707DB9}.Release|Any CPU.Build.0 = Release|Any CPU
		{494D3E7D-4589-4547-9017-4D44B1A57720}.Debug|Any CPU.ActiveCfg = Debug|Any CPU
		{494D3E7D-4589-4547-9017-4D44B1A57720}.Debug|Any CPU.Build.0 = Debug|Any CPU
		{494D3E7D-4589-4547-9017-4D44B1A57720}.Release|Any CPU.ActiveCfg = Release|Any CPU
		{494D3E7D-4589-4547-9017-4D44B1A57720}.Release|Any CPU.Build.0 = Release|Any CPU
		{9AA47266-2738-4B06-8932-D2CEBA347F0B}.Debug|Any CPU.ActiveCfg = Debug|Any CPU
		{9AA47266-2738-4B06-8932-D2CEBA347F0B}.Debug|Any CPU.Build.0 = Debug|Any CPU
		{9AA47266-2738-4B06-8932-D2CEBA347F0B}.Release|Any CPU.ActiveCfg = Release|Any CPU
		{9AA47266-2738-4B06-8932-D2CEBA347F0B}.Release|Any CPU.Build.0 = Release|Any CPU
		{11C65AE5-93DF-41BB-8CD6-6514C728861E}.Debug|Any CPU.ActiveCfg = Debug|Any CPU
		{11C65AE5-93DF-41BB-8CD6-6514C728861E}.Debug|Any CPU.Build.0 = Debug|Any CPU
		{11C65AE5-93DF-41BB-8CD6-6514C728861E}.Release|Any CPU.ActiveCfg = Release|Any CPU
		{11C65AE5-93DF-41BB-8CD6-6514C728861E}.Release|Any CPU.Build.0 = Release|Any CPU
		{530F8309-67B2-4AA5-80C1-13A8BEA6B7C0}.Debug|Any CPU.ActiveCfg = Debug|Any CPU
		{530F8309-67B2-4AA5-80C1-13A8BEA6B7C0}.Debug|Any CPU.Build.0 = Debug|Any CPU
		{530F8309-67B2-4AA5-80C1-13A8BEA6B7C0}.Release|Any CPU.ActiveCfg = Release|Any CPU
		{530F8309-67B2-4AA5-80C1-13A8BEA6B7C0}.Release|Any CPU.Build.0 = Release|Any CPU
		{FF7CF11B-F07B-4482-A54E-3B293379ECF7}.Debug|Any CPU.ActiveCfg = Debug|Any CPU
		{FF7CF11B-F07B-4482-A54E-3B293379ECF7}.Debug|Any CPU.Build.0 = Debug|Any CPU
		{FF7CF11B-F07B-4482-A54E-3B293379ECF7}.Release|Any CPU.ActiveCfg = Release|Any CPU
		{FF7CF11B-F07B-4482-A54E-3B293379ECF7}.Release|Any CPU.Build.0 = Release|Any CPU
		{5F9D8F72-6F1F-4D88-97A3-F5AF02139F9E}.Debug|Any CPU.ActiveCfg = Debug|Any CPU
		{5F9D8F72-6F1F-4D88-97A3-F5AF02139F9E}.Debug|Any CPU.Build.0 = Debug|Any CPU
		{5F9D8F72-6F1F-4D88-97A3-F5AF02139F9E}.Release|Any CPU.ActiveCfg = Release|Any CPU
		{5F9D8F72-6F1F-4D88-97A3-F5AF02139F9E}.Release|Any CPU.Build.0 = Release|Any CPU
		{69FA9B4A-2D11-461A-9A22-60C0BA2CE886}.Debug|Any CPU.ActiveCfg = Debug|Any CPU
		{69FA9B4A-2D11-461A-9A22-60C0BA2CE886}.Debug|Any CPU.Build.0 = Debug|Any CPU
		{69FA9B4A-2D11-461A-9A22-60C0BA2CE886}.Release|Any CPU.ActiveCfg = Release|Any CPU
		{69FA9B4A-2D11-461A-9A22-60C0BA2CE886}.Release|Any CPU.Build.0 = Release|Any CPU
		{8A9E77C3-F6C7-4ED0-9D73-D445EC91F271}.Debug|Any CPU.ActiveCfg = Debug|Any CPU
		{8A9E77C3-F6C7-4ED0-9D73-D445EC91F271}.Debug|Any CPU.Build.0 = Debug|Any CPU
		{8A9E77C3-F6C7-4ED0-9D73-D445EC91F271}.Release|Any CPU.ActiveCfg = Release|Any CPU
		{8A9E77C3-F6C7-4ED0-9D73-D445EC91F271}.Release|Any CPU.Build.0 = Release|Any CPU
		{A7DB91B1-D676-40AB-8CF5-647496AADFC2}.Debug|Any CPU.ActiveCfg = Debug|Any CPU
		{A7DB91B1-D676-40AB-8CF5-647496AADFC2}.Debug|Any CPU.Build.0 = Debug|Any CPU
		{A7DB91B1-D676-40AB-8CF5-647496AADFC2}.Release|Any CPU.ActiveCfg = Release|Any CPU
		{A7DB91B1-D676-40AB-8CF5-647496AADFC2}.Release|Any CPU.Build.0 = Release|Any CPU
		{7591DA14-2EF4-4494-B119-0DF80B630AA6}.Debug|Any CPU.ActiveCfg = Debug|Any CPU
		{7591DA14-2EF4-4494-B119-0DF80B630AA6}.Debug|Any CPU.Build.0 = Debug|Any CPU
		{7591DA14-2EF4-4494-B119-0DF80B630AA6}.Release|Any CPU.ActiveCfg = Release|Any CPU
		{7591DA14-2EF4-4494-B119-0DF80B630AA6}.Release|Any CPU.Build.0 = Release|Any CPU
		{EDF5139F-7CAE-476D-B140-0D079D4A1218}.Debug|Any CPU.ActiveCfg = Debug|Any CPU
		{EDF5139F-7CAE-476D-B140-0D079D4A1218}.Debug|Any CPU.Build.0 = Debug|Any CPU
		{EDF5139F-7CAE-476D-B140-0D079D4A1218}.Release|Any CPU.ActiveCfg = Release|Any CPU
		{EDF5139F-7CAE-476D-B140-0D079D4A1218}.Release|Any CPU.Build.0 = Release|Any CPU
		{3FBC5A55-57AC-4EEE-BE7C-9200DB8CF607}.Debug|Any CPU.ActiveCfg = Debug|Any CPU
		{3FBC5A55-57AC-4EEE-BE7C-9200DB8CF607}.Debug|Any CPU.Build.0 = Debug|Any CPU
		{3FBC5A55-57AC-4EEE-BE7C-9200DB8CF607}.Release|Any CPU.ActiveCfg = Release|Any CPU
		{3FBC5A55-57AC-4EEE-BE7C-9200DB8CF607}.Release|Any CPU.Build.0 = Release|Any CPU
		{89C39753-42BA-4543-8644-C29F93407569}.Debug|Any CPU.ActiveCfg = Debug|Any CPU
		{89C39753-42BA-4543-8644-C29F93407569}.Debug|Any CPU.Build.0 = Debug|Any CPU
		{89C39753-42BA-4543-8644-C29F93407569}.Release|Any CPU.ActiveCfg = Release|Any CPU
		{89C39753-42BA-4543-8644-C29F93407569}.Release|Any CPU.Build.0 = Release|Any CPU
		{1142701E-3E3F-4112-BCBC-4FE62A4DC1BD}.Debug|Any CPU.ActiveCfg = Debug|Any CPU
		{1142701E-3E3F-4112-BCBC-4FE62A4DC1BD}.Debug|Any CPU.Build.0 = Debug|Any CPU
		{1142701E-3E3F-4112-BCBC-4FE62A4DC1BD}.Release|Any CPU.ActiveCfg = Release|Any CPU
		{1142701E-3E3F-4112-BCBC-4FE62A4DC1BD}.Release|Any CPU.Build.0 = Release|Any CPU
		{09FBAD69-7E02-4551-90E0-B21E05405162}.Debug|Any CPU.ActiveCfg = Debug|Any CPU
		{09FBAD69-7E02-4551-90E0-B21E05405162}.Debug|Any CPU.Build.0 = Debug|Any CPU
		{09FBAD69-7E02-4551-90E0-B21E05405162}.Release|Any CPU.ActiveCfg = Release|Any CPU
		{09FBAD69-7E02-4551-90E0-B21E05405162}.Release|Any CPU.Build.0 = Release|Any CPU
		{635DB167-F787-4B69-87E1-AA67D5051693}.Debug|Any CPU.ActiveCfg = Debug|Any CPU
		{635DB167-F787-4B69-87E1-AA67D5051693}.Debug|Any CPU.Build.0 = Debug|Any CPU
		{635DB167-F787-4B69-87E1-AA67D5051693}.Release|Any CPU.ActiveCfg = Release|Any CPU
		{635DB167-F787-4B69-87E1-AA67D5051693}.Release|Any CPU.Build.0 = Release|Any CPU
		{061D9B71-CF06-4FDB-BB4D-F0325DCFC878}.Debug|Any CPU.ActiveCfg = Debug|Any CPU
		{061D9B71-CF06-4FDB-BB4D-F0325DCFC878}.Debug|Any CPU.Build.0 = Debug|Any CPU
		{061D9B71-CF06-4FDB-BB4D-F0325DCFC878}.Release|Any CPU.ActiveCfg = Release|Any CPU
		{061D9B71-CF06-4FDB-BB4D-F0325DCFC878}.Release|Any CPU.Build.0 = Release|Any CPU
		{9608158D-1CBF-4448-A94B-01DEBED13099}.Debug|Any CPU.ActiveCfg = Debug|Any CPU
		{9608158D-1CBF-4448-A94B-01DEBED13099}.Debug|Any CPU.Build.0 = Debug|Any CPU
		{9608158D-1CBF-4448-A94B-01DEBED13099}.Release|Any CPU.ActiveCfg = Release|Any CPU
		{9608158D-1CBF-4448-A94B-01DEBED13099}.Release|Any CPU.Build.0 = Release|Any CPU
	EndGlobalSection
	GlobalSection(SolutionProperties) = preSolution
		HideSolutionNode = FALSE
	EndGlobalSection
	GlobalSection(NestedProjects) = preSolution
		{05C4975E-F904-4E4F-8B45-79A9564C71E2} = {DCC71E20-4EC0-480D-87FA-E12CE1D8110E}
		{44ECD54D-1630-4E3A-B2DF-07AFD5262D09} = {BCE90571-A699-499C-94F2-4CBB12F38E5A}
		{9496A589-DD63-49F4-A881-45B77B0689FE} = {BCE90571-A699-499C-94F2-4CBB12F38E5A}
		{60C9F0A7-8491-46C6-92C3-095ED05BD024} = {BCE90571-A699-499C-94F2-4CBB12F38E5A}
		{DB420C99-005F-4E85-84CE-040613707DB9} = {BCE90571-A699-499C-94F2-4CBB12F38E5A}
		{494D3E7D-4589-4547-9017-4D44B1A57720} = {BCE90571-A699-499C-94F2-4CBB12F38E5A}
		{D7530BF1-1958-4F35-9825-9DE6DE78E2D9} = {6E4C929E-E0A3-4F96-9BA2-AAFFCBD572CA}
		{F8C972D0-918F-46F4-9666-C56E6E4AE1FB} = {D7530BF1-1958-4F35-9825-9DE6DE78E2D9}
		{9AA47266-2738-4B06-8932-D2CEBA347F0B} = {F8C972D0-918F-46F4-9666-C56E6E4AE1FB}
		{11C65AE5-93DF-41BB-8CD6-6514C728861E} = {F8C972D0-918F-46F4-9666-C56E6E4AE1FB}
		{530F8309-67B2-4AA5-80C1-13A8BEA6B7C0} = {F8C972D0-918F-46F4-9666-C56E6E4AE1FB}
		{FF7CF11B-F07B-4482-A54E-3B293379ECF7} = {D7530BF1-1958-4F35-9825-9DE6DE78E2D9}
		{5F9D8F72-6F1F-4D88-97A3-F5AF02139F9E} = {D7530BF1-1958-4F35-9825-9DE6DE78E2D9}
		{EF633DAB-B090-47DE-8F8B-2B40AF83C032} = {6E4C929E-E0A3-4F96-9BA2-AAFFCBD572CA}
		{69FA9B4A-2D11-461A-9A22-60C0BA2CE886} = {EF633DAB-B090-47DE-8F8B-2B40AF83C032}
		{EF153F75-2898-4225-ACE0-8F5EE57CFDF1} = {6E4C929E-E0A3-4F96-9BA2-AAFFCBD572CA}
		{8A9E77C3-F6C7-4ED0-9D73-D445EC91F271} = {EF153F75-2898-4225-ACE0-8F5EE57CFDF1}
		{A7DB91B1-D676-40AB-8CF5-647496AADFC2} = {EF633DAB-B090-47DE-8F8B-2B40AF83C032}
		{7D270EF1-EBF1-4831-B468-074D1E7AE059} = {6E4C929E-E0A3-4F96-9BA2-AAFFCBD572CA}
		{7591DA14-2EF4-4494-B119-0DF80B630AA6} = {7D270EF1-EBF1-4831-B468-074D1E7AE059}
		{C82AEA09-94CE-42E3-A015-954D57C69277} = {6E4C929E-E0A3-4F96-9BA2-AAFFCBD572CA}
		{EDF5139F-7CAE-476D-B140-0D079D4A1218} = {C82AEA09-94CE-42E3-A015-954D57C69277}
		{3FBC5A55-57AC-4EEE-BE7C-9200DB8CF607} = {C82AEA09-94CE-42E3-A015-954D57C69277}
		{89C39753-42BA-4543-8644-C29F93407569} = {C82AEA09-94CE-42E3-A015-954D57C69277}
		{3D832A25-17DD-4C4D-9A02-6FD54EF60AAA} = {32432DB2-EDF2-4A6E-97C3-11C5FFC23F9A}
		{1142701E-3E3F-4112-BCBC-4FE62A4DC1BD} = {3D832A25-17DD-4C4D-9A02-6FD54EF60AAA}
		{09FBAD69-7E02-4551-90E0-B21E05405162} = {3D832A25-17DD-4C4D-9A02-6FD54EF60AAA}
		{635DB167-F787-4B69-87E1-AA67D5051693} = {3D832A25-17DD-4C4D-9A02-6FD54EF60AAA}
		{061D9B71-CF06-4FDB-BB4D-F0325DCFC878} = {F8C972D0-918F-46F4-9666-C56E6E4AE1FB}
		{9608158D-1CBF-4448-A94B-01DEBED13099} = {D7530BF1-1958-4F35-9825-9DE6DE78E2D9}
	EndGlobalSection
	GlobalSection(ExtensibilityGlobals) = postSolution
		SolutionGuid = {596DDBE1-F3EA-472D-8F0E-15C42A2422AF}
	EndGlobalSection
EndGlobal
